
Microsoft Visual Studio Solution File, Format Version 12.00
# Visual Studio Version 16
VisualStudioVersion = 16.0.30907.101
MinimumVisualStudioVersion = 10.0.40219.1
Project("{FAE04EC0-301F-11D3-BF4B-00C04F79EFBC}") = "Potresi", "Potresi\Potresi.csproj", "{6CDE3AE7-803B-4C6B-8D3F-8A1A1FEA1688}"
EndProject
Global
	GlobalSection(SolutionConfigurationPlatforms) = preSolution
		Debug|Any CPU = Debug|Any CPU
		Release|Any CPU = Release|Any CPU
	EndGlobalSection
	GlobalSection(ProjectConfigurationPlatforms) = postSolution
		{6CDE3AE7-803B-4C6B-8D3F-8A1A1FEA1688}.Debug|Any CPU.ActiveCfg = Debug|Any CPU
		{6CDE3AE7-803B-4C6B-8D3F-8A1A1FEA1688}.Debug|Any CPU.Build.0 = Debug|Any CPU
		{6CDE3AE7-803B-4C6B-8D3F-8A1A1FEA1688}.Release|Any CPU.ActiveCfg = Release|Any CPU
		{6CDE3AE7-803B-4C6B-8D3F-8A1A1FEA1688}.Release|Any CPU.Build.0 = Release|Any CPU
	EndGlobalSection
	GlobalSection(SolutionProperties) = preSolution
		HideSolutionNode = FALSE
	EndGlobalSection
	GlobalSection(ExtensibilityGlobals) = postSolution
		SolutionGuid = {C0D3D80F-41B7-448B-B184-5BBBC9FD5A67}
	EndGlobalSection
EndGlobal
